// !$*UTF8*$!
{
	archiveVersion = 1;
	classes = {
	};
	objectVersion = 56;
	objects = {

/* Begin PBXBuildFile section */
		D70F18AF2B8C7B4A00AB2896 /* AddToCardButton.swift in Sources */ = {isa = PBXBuildFile; fileRef = D70F18AE2B8C7B4A00AB2896 /* AddToCardButton.swift */; };
		D70F18B22B8C7F8E00AB2896 /* Product.swift in Sources */ = {isa = PBXBuildFile; fileRef = D70F18B12B8C7F8E00AB2896 /* Product.swift */; };
		D70F18B42B8C7FF700AB2896 /* ProductDomain.swift in Sources */ = {isa = PBXBuildFile; fileRef = D70F18B32B8C7FF700AB2896 /* ProductDomain.swift */; };
		D70F18B62B8C834300AB2896 /* ProductCell.swift in Sources */ = {isa = PBXBuildFile; fileRef = D70F18B52B8C834300AB2896 /* ProductCell.swift */; };
		D70F18B82B8C967800AB2896 /* ProductList.swift in Sources */ = {isa = PBXBuildFile; fileRef = D70F18B72B8C967800AB2896 /* ProductList.swift */; };
		D70F18BB2B8C988400AB2896 /* ProductListDomain.swift in Sources */ = {isa = PBXBuildFile; fileRef = D70F18BA2B8C988400AB2896 /* ProductListDomain.swift */; };
		D70F18BD2B8CA95300AB2896 /* ProductError.swift in Sources */ = {isa = PBXBuildFile; fileRef = D70F18BC2B8CA95300AB2896 /* ProductError.swift */; };
		D71120802B8C78EF004662FF /* PlusMinusButton.swift in Sources */ = {isa = PBXBuildFile; fileRef = D711207F2B8C78EF004662FF /* PlusMinusButton.swift */; };
		D71120822B8C792E004662FF /* AddToCartDomain.swift in Sources */ = {isa = PBXBuildFile; fileRef = D71120812B8C792E004662FF /* AddToCartDomain.swift */; };
		D7438C8D2B902A6F0075322F /* APIClient.swift in Sources */ = {isa = PBXBuildFile; fileRef = D7438C8C2B902A6F0075322F /* APIClient.swift */; };
		D7438C912B9051D60075322F /* DataLoadingStatus.swift in Sources */ = {isa = PBXBuildFile; fileRef = D7438C902B9051D60075322F /* DataLoadingStatus.swift */; };
		D7438C932B90541D0075322F /* ErrorView.swift in Sources */ = {isa = PBXBuildFile; fileRef = D7438C922B90541D0075322F /* ErrorView.swift */; };
		D7438C962B905A860075322F /* RootDomainReducer.swift in Sources */ = {isa = PBXBuildFile; fileRef = D7438C952B905A860075322F /* RootDomainReducer.swift */; };
		D7438C992B905CE30075322F /* Profile.swift in Sources */ = {isa = PBXBuildFile; fileRef = D7438C982B905CE30075322F /* Profile.swift */; };
		D7438C9B2B905CE90075322F /* ProfileDomainReducer.swift in Sources */ = {isa = PBXBuildFile; fileRef = D7438C9A2B905CE90075322F /* ProfileDomainReducer.swift */; };
		D7438C9D2B905CF10075322F /* ProfileView.swift in Sources */ = {isa = PBXBuildFile; fileRef = D7438C9C2B905CF10075322F /* ProfileView.swift */; };
		D7438C9F2B90699B0075322F /* RootView.swift in Sources */ = {isa = PBXBuildFile; fileRef = D7438C9E2B90699B0075322F /* RootView.swift */; };
		D7AA3EB22B8C6A5100B19164 /* NumbersApp.swift in Sources */ = {isa = PBXBuildFile; fileRef = D7AA3EB12B8C6A5100B19164 /* NumbersApp.swift */; };
		D7AA3EB62B8C6A5200B19164 /* Assets.xcassets in Resources */ = {isa = PBXBuildFile; fileRef = D7AA3EB52B8C6A5200B19164 /* Assets.xcassets */; };
		D7AA3EB92B8C6A5200B19164 /* Preview Assets.xcassets in Resources */ = {isa = PBXBuildFile; fileRef = D7AA3EB82B8C6A5200B19164 /* Preview Assets.xcassets */; };
		D7AA3EC12B8C6B1100B19164 /* ComposableArchitecture in Frameworks */ = {isa = PBXBuildFile; productRef = D7AA3EC02B8C6B1100B19164 /* ComposableArchitecture */; };
		D7EEFCBD2B8DA54D0000DBE5 /* CartList.swift in Sources */ = {isa = PBXBuildFile; fileRef = D7EEFCBC2B8DA54D0000DBE5 /* CartList.swift */; };
		D7EEFCC12B8DC3E70000DBE5 /* CartItem.swift in Sources */ = {isa = PBXBuildFile; fileRef = D7EEFCC02B8DC3E70000DBE5 /* CartItem.swift */; };
		D7EEFCC32B8DC4380000DBE5 /* CartItemCell.swift in Sources */ = {isa = PBXBuildFile; fileRef = D7EEFCC22B8DC4380000DBE5 /* CartItemCell.swift */; };
		D7EEFCC52B8DC4DA0000DBE5 /* CartItemDomainReducer.swift in Sources */ = {isa = PBXBuildFile; fileRef = D7EEFCC42B8DC4DA0000DBE5 /* CartItemDomainReducer.swift */; };
		D7EEFCC72B8DC9C80000DBE5 /* CartListDomainReducer.swift in Sources */ = {isa = PBXBuildFile; fileRef = D7EEFCC62B8DC9C80000DBE5 /* CartListDomainReducer.swift */; };
/* End PBXBuildFile section */

/* Begin PBXFileReference section */
		D70F18AE2B8C7B4A00AB2896 /* AddToCardButton.swift */ = {isa = PBXFileReference; lastKnownFileType = sourcecode.swift; path = AddToCardButton.swift; sourceTree = "<group>"; };
		D70F18B12B8C7F8E00AB2896 /* Product.swift */ = {isa = PBXFileReference; lastKnownFileType = sourcecode.swift; path = Product.swift; sourceTree = "<group>"; };
		D70F18B32B8C7FF700AB2896 /* ProductDomain.swift */ = {isa = PBXFileReference; lastKnownFileType = sourcecode.swift; path = ProductDomain.swift; sourceTree = "<group>"; };
		D70F18B52B8C834300AB2896 /* ProductCell.swift */ = {isa = PBXFileReference; lastKnownFileType = sourcecode.swift; path = ProductCell.swift; sourceTree = "<group>"; };
		D70F18B72B8C967800AB2896 /* ProductList.swift */ = {isa = PBXFileReference; lastKnownFileType = sourcecode.swift; path = ProductList.swift; sourceTree = "<group>"; };
		D70F18BA2B8C988400AB2896 /* ProductListDomain.swift */ = {isa = PBXFileReference; lastKnownFileType = sourcecode.swift; path = ProductListDomain.swift; sourceTree = "<group>"; };
		D70F18BC2B8CA95300AB2896 /* ProductError.swift */ = {isa = PBXFileReference; lastKnownFileType = sourcecode.swift; path = ProductError.swift; sourceTree = "<group>"; };
		D711207F2B8C78EF004662FF /* PlusMinusButton.swift */ = {isa = PBXFileReference; lastKnownFileType = sourcecode.swift; path = PlusMinusButton.swift; sourceTree = "<group>"; };
		D71120812B8C792E004662FF /* AddToCartDomain.swift */ = {isa = PBXFileReference; lastKnownFileType = sourcecode.swift; path = AddToCartDomain.swift; sourceTree = "<group>"; };
		D7438C8C2B902A6F0075322F /* APIClient.swift */ = {isa = PBXFileReference; lastKnownFileType = sourcecode.swift; path = APIClient.swift; sourceTree = "<group>"; };
		D7438C902B9051D60075322F /* DataLoadingStatus.swift */ = {isa = PBXFileReference; lastKnownFileType = sourcecode.swift; path = DataLoadingStatus.swift; sourceTree = "<group>"; };
		D7438C922B90541D0075322F /* ErrorView.swift */ = {isa = PBXFileReference; lastKnownFileType = sourcecode.swift; path = ErrorView.swift; sourceTree = "<group>"; };
		D7438C952B905A860075322F /* RootDomainReducer.swift */ = {isa = PBXFileReference; lastKnownFileType = sourcecode.swift; path = RootDomainReducer.swift; sourceTree = "<group>"; };
		D7438C982B905CE30075322F /* Profile.swift */ = {isa = PBXFileReference; lastKnownFileType = sourcecode.swift; path = Profile.swift; sourceTree = "<group>"; };
		D7438C9A2B905CE90075322F /* ProfileDomainReducer.swift */ = {isa = PBXFileReference; lastKnownFileType = sourcecode.swift; path = ProfileDomainReducer.swift; sourceTree = "<group>"; };
		D7438C9C2B905CF10075322F /* ProfileView.swift */ = {isa = PBXFileReference; lastKnownFileType = sourcecode.swift; path = ProfileView.swift; sourceTree = "<group>"; };
		D7438C9E2B90699B0075322F /* RootView.swift */ = {isa = PBXFileReference; lastKnownFileType = sourcecode.swift; path = RootView.swift; sourceTree = "<group>"; };
		D7AA3EAE2B8C6A5100B19164 /* Numbers.app */ = {isa = PBXFileReference; explicitFileType = wrapper.application; includeInIndex = 0; path = Numbers.app; sourceTree = BUILT_PRODUCTS_DIR; };
		D7AA3EB12B8C6A5100B19164 /* NumbersApp.swift */ = {isa = PBXFileReference; lastKnownFileType = sourcecode.swift; path = NumbersApp.swift; sourceTree = "<group>"; };
		D7AA3EB52B8C6A5200B19164 /* Assets.xcassets */ = {isa = PBXFileReference; lastKnownFileType = folder.assetcatalog; path = Assets.xcassets; sourceTree = "<group>"; };
		D7AA3EB82B8C6A5200B19164 /* Preview Assets.xcassets */ = {isa = PBXFileReference; lastKnownFileType = folder.assetcatalog; path = "Preview Assets.xcassets"; sourceTree = "<group>"; };
		D7EEFCBC2B8DA54D0000DBE5 /* CartList.swift */ = {isa = PBXFileReference; lastKnownFileType = sourcecode.swift; path = CartList.swift; sourceTree = "<group>"; };
		D7EEFCC02B8DC3E70000DBE5 /* CartItem.swift */ = {isa = PBXFileReference; lastKnownFileType = sourcecode.swift; path = CartItem.swift; sourceTree = "<group>"; };
		D7EEFCC22B8DC4380000DBE5 /* CartItemCell.swift */ = {isa = PBXFileReference; lastKnownFileType = sourcecode.swift; path = CartItemCell.swift; sourceTree = "<group>"; };
		D7EEFCC42B8DC4DA0000DBE5 /* CartItemDomainReducer.swift */ = {isa = PBXFileReference; lastKnownFileType = sourcecode.swift; path = CartItemDomainReducer.swift; sourceTree = "<group>"; };
		D7EEFCC62B8DC9C80000DBE5 /* CartListDomainReducer.swift */ = {isa = PBXFileReference; lastKnownFileType = sourcecode.swift; path = CartListDomainReducer.swift; sourceTree = "<group>"; };
/* End PBXFileReference section */

/* Begin PBXFrameworksBuildPhase section */
		D7AA3EAB2B8C6A5100B19164 /* Frameworks */ = {
			isa = PBXFrameworksBuildPhase;
			buildActionMask = 2147483647;
			files = (
				D7AA3EC12B8C6B1100B19164 /* ComposableArchitecture in Frameworks */,
			);
			runOnlyForDeploymentPostprocessing = 0;
		};
/* End PBXFrameworksBuildPhase section */

/* Begin PBXGroup section */
		D70F18B02B8C7F7F00AB2896 /* ProductFeature */ = {
			isa = PBXGroup;
			children = (
				D70F18B92B8C96AF00AB2896 /* ProductListDomain */,
				D70F18B12B8C7F8E00AB2896 /* Product.swift */,
				D70F18B32B8C7FF700AB2896 /* ProductDomain.swift */,
				D70F18B52B8C834300AB2896 /* ProductCell.swift */,
			);
			path = ProductFeature;
			sourceTree = "<group>";
		};
		D70F18B92B8C96AF00AB2896 /* ProductListDomain */ = {
			isa = PBXGroup;
			children = (
				D7EEFCBE2B8DC3CD0000DBE5 /* CartListDomain */,
				D70F18B72B8C967800AB2896 /* ProductList.swift */,
				D70F18BA2B8C988400AB2896 /* ProductListDomain.swift */,
				D70F18BC2B8CA95300AB2896 /* ProductError.swift */,
				D7438C922B90541D0075322F /* ErrorView.swift */,
			);
			path = ProductListDomain;
			sourceTree = "<group>";
		};
		D711207E2B8C78D4004662FF /* AddToCartFeature */ = {
			isa = PBXGroup;
			children = (
				D711207F2B8C78EF004662FF /* PlusMinusButton.swift */,
				D71120812B8C792E004662FF /* AddToCartDomain.swift */,
				D70F18AE2B8C7B4A00AB2896 /* AddToCardButton.swift */,
			);
			path = AddToCartFeature;
			sourceTree = "<group>";
		};
		D7438C8B2B902A680075322F /* Network */ = {
			isa = PBXGroup;
			children = (
				D7438C8C2B902A6F0075322F /* APIClient.swift */,
				D7438C902B9051D60075322F /* DataLoadingStatus.swift */,
			);
			path = Network;
			sourceTree = "<group>";
		};
		D7438C942B905A6F0075322F /* RootDomain */ = {
			isa = PBXGroup;
			children = (
				D7AA3EB12B8C6A5100B19164 /* NumbersApp.swift */,
				D7438C952B905A860075322F /* RootDomainReducer.swift */,
				D7438C9E2B90699B0075322F /* RootView.swift */,
			);
			path = RootDomain;
			sourceTree = "<group>";
		};
		D7438C972B905CDC0075322F /* Profile */ = {
			isa = PBXGroup;
			children = (
				D7438C982B905CE30075322F /* Profile.swift */,
				D7438C9A2B905CE90075322F /* ProfileDomainReducer.swift */,
				D7438C9C2B905CF10075322F /* ProfileView.swift */,
			);
			path = Profile;
			sourceTree = "<group>";
		};
		D7AA3EA52B8C6A5100B19164 = {
			isa = PBXGroup;
			children = (
				D7438C942B905A6F0075322F /* RootDomain */,
				D7438C8B2B902A680075322F /* Network */,
				D7AA3EB02B8C6A5100B19164 /* Numbers */,
				D7AA3EAF2B8C6A5100B19164 /* Products */,
			);
			sourceTree = "<group>";
		};
		D7AA3EAF2B8C6A5100B19164 /* Products */ = {
			isa = PBXGroup;
			children = (
				D7AA3EAE2B8C6A5100B19164 /* Numbers.app */,
			);
			name = Products;
			sourceTree = "<group>";
		};
		D7AA3EB02B8C6A5100B19164 /* Numbers */ = {
			isa = PBXGroup;
			children = (
				D7438C972B905CDC0075322F /* Profile */,
				D70F18B02B8C7F7F00AB2896 /* ProductFeature */,
				D711207E2B8C78D4004662FF /* AddToCartFeature */,
				D7AA3EB52B8C6A5200B19164 /* Assets.xcassets */,
				D7AA3EB72B8C6A5200B19164 /* Preview Content */,
			);
			path = Numbers;
			sourceTree = "<group>";
		};
		D7AA3EB72B8C6A5200B19164 /* Preview Content */ = {
			isa = PBXGroup;
			children = (
				D7AA3EB82B8C6A5200B19164 /* Preview Assets.xcassets */,
			);
			path = "Preview Content";
			sourceTree = "<group>";
		};
		D7EEFCBE2B8DC3CD0000DBE5 /* CartListDomain */ = {
			isa = PBXGroup;
			children = (
				D7EEFCBF2B8DC3DC0000DBE5 /* CartItemDomain */,
				D7EEFCBC2B8DA54D0000DBE5 /* CartList.swift */,
				D7EEFCC62B8DC9C80000DBE5 /* CartListDomainReducer.swift */,
			);
			path = CartListDomain;
			sourceTree = "<group>";
		};
		D7EEFCBF2B8DC3DC0000DBE5 /* CartItemDomain */ = {
			isa = PBXGroup;
			children = (
				D7EEFCC02B8DC3E70000DBE5 /* CartItem.swift */,
				D7EEFCC22B8DC4380000DBE5 /* CartItemCell.swift */,
				D7EEFCC42B8DC4DA0000DBE5 /* CartItemDomainReducer.swift */,
			);
			path = CartItemDomain;
			sourceTree = "<group>";
		};
/* End PBXGroup section */

/* Begin PBXNativeTarget section */
		D7AA3EAD2B8C6A5100B19164 /* Numbers */ = {
			isa = PBXNativeTarget;
			buildConfigurationList = D7AA3EBC2B8C6A5200B19164 /* Build configuration list for PBXNativeTarget "Numbers" */;
			buildPhases = (
				D7AA3EAA2B8C6A5100B19164 /* Sources */,
				D7AA3EAB2B8C6A5100B19164 /* Frameworks */,
				D7AA3EAC2B8C6A5100B19164 /* Resources */,
			);
			buildRules = (
			);
			dependencies = (
			);
			name = Numbers;
			packageProductDependencies = (
				D7AA3EC02B8C6B1100B19164 /* ComposableArchitecture */,
			);
			productName = Numbers;
			productReference = D7AA3EAE2B8C6A5100B19164 /* Numbers.app */;
			productType = "com.apple.product-type.application";
		};
/* End PBXNativeTarget section */

/* Begin PBXProject section */
		D7AA3EA62B8C6A5100B19164 /* Project object */ = {
			isa = PBXProject;
			attributes = {
				BuildIndependentTargetsInParallel = 1;
				LastSwiftUpdateCheck = 1500;
				LastUpgradeCheck = 1500;
				TargetAttributes = {
					D7AA3EAD2B8C6A5100B19164 = {
						CreatedOnToolsVersion = 15.0;
					};
				};
			};
			buildConfigurationList = D7AA3EA92B8C6A5100B19164 /* Build configuration list for PBXProject "Numbers" */;
			compatibilityVersion = "Xcode 14.0";
			developmentRegion = en;
			hasScannedForEncodings = 0;
			knownRegions = (
				en,
				Base,
			);
			mainGroup = D7AA3EA52B8C6A5100B19164;
			packageReferences = (
				D7AA3EBF2B8C6B1100B19164 /* XCRemoteSwiftPackageReference "swift-composable-architecture" */,
			);
			productRefGroup = D7AA3EAF2B8C6A5100B19164 /* Products */;
			projectDirPath = "";
			projectRoot = "";
			targets = (
				D7AA3EAD2B8C6A5100B19164 /* Numbers */,
			);
		};
/* End PBXProject section */

/* Begin PBXResourcesBuildPhase section */
		D7AA3EAC2B8C6A5100B19164 /* Resources */ = {
			isa = PBXResourcesBuildPhase;
			buildActionMask = 2147483647;
			files = (
				D7AA3EB92B8C6A5200B19164 /* Preview Assets.xcassets in Resources */,
				D7AA3EB62B8C6A5200B19164 /* Assets.xcassets in Resources */,
			);
			runOnlyForDeploymentPostprocessing = 0;
		};
/* End PBXResourcesBuildPhase section */

/* Begin PBXSourcesBuildPhase section */
		D7AA3EAA2B8C6A5100B19164 /* Sources */ = {
			isa = PBXSourcesBuildPhase;
			buildActionMask = 2147483647;
			files = (
				D70F18BD2B8CA95300AB2896 /* ProductError.swift in Sources */,
				D7438C9F2B90699B0075322F /* RootView.swift in Sources */,
				D7438C992B905CE30075322F /* Profile.swift in Sources */,
				D7EEFCC72B8DC9C80000DBE5 /* CartListDomainReducer.swift in Sources */,
				D7438C912B9051D60075322F /* DataLoadingStatus.swift in Sources */,
				D70F18AF2B8C7B4A00AB2896 /* AddToCardButton.swift in Sources */,
				D7438C8D2B902A6F0075322F /* APIClient.swift in Sources */,
				D70F18B82B8C967800AB2896 /* ProductList.swift in Sources */,
				D7EEFCC52B8DC4DA0000DBE5 /* CartItemDomainReducer.swift in Sources */,
				D7438C932B90541D0075322F /* ErrorView.swift in Sources */,
				D70F18BB2B8C988400AB2896 /* ProductListDomain.swift in Sources */,
				D7EEFCC32B8DC4380000DBE5 /* CartItemCell.swift in Sources */,
				D70F18B42B8C7FF700AB2896 /* ProductDomain.swift in Sources */,
				D71120802B8C78EF004662FF /* PlusMinusButton.swift in Sources */,
				D70F18B22B8C7F8E00AB2896 /* Product.swift in Sources */,
				D7AA3EB22B8C6A5100B19164 /* NumbersApp.swift in Sources */,
				D7438C9B2B905CE90075322F /* ProfileDomainReducer.swift in Sources */,
				D7438C962B905A860075322F /* RootDomainReducer.swift in Sources */,
				D70F18B62B8C834300AB2896 /* ProductCell.swift in Sources */,
				D7EEFCBD2B8DA54D0000DBE5 /* CartList.swift in Sources */,
				D7EEFCC12B8DC3E70000DBE5 /* CartItem.swift in Sources */,
				D7438C9D2B905CF10075322F /* ProfileView.swift in Sources */,
				D71120822B8C792E004662FF /* AddToCartDomain.swift in Sources */,
			);
			runOnlyForDeploymentPostprocessing = 0;
		};
/* End PBXSourcesBuildPhase section */

/* Begin XCBuildConfiguration section */
		D7AA3EBA2B8C6A5200B19164 /* Debug */ = {
			isa = XCBuildConfiguration;
			buildSettings = {
				ALWAYS_SEARCH_USER_PATHS = NO;
				ASSETCATALOG_COMPILER_GENERATE_SWIFT_ASSET_SYMBOL_EXTENSIONS = YES;
				CLANG_ANALYZER_NONNULL = YES;
				CLANG_ANALYZER_NUMBER_OBJECT_CONVERSION = YES_AGGRESSIVE;
				CLANG_CXX_LANGUAGE_STANDARD = "gnu++20";
				CLANG_ENABLE_MODULES = YES;
				CLANG_ENABLE_OBJC_ARC = YES;
				CLANG_ENABLE_OBJC_WEAK = YES;
				CLANG_WARN_BLOCK_CAPTURE_AUTORELEASING = YES;
				CLANG_WARN_BOOL_CONVERSION = YES;
				CLANG_WARN_COMMA = YES;
				CLANG_WARN_CONSTANT_CONVERSION = YES;
				CLANG_WARN_DEPRECATED_OBJC_IMPLEMENTATIONS = YES;
				CLANG_WARN_DIRECT_OBJC_ISA_USAGE = YES_ERROR;
				CLANG_WARN_DOCUMENTATION_COMMENTS = YES;
				CLANG_WARN_EMPTY_BODY = YES;
				CLANG_WARN_ENUM_CONVERSION = YES;
				CLANG_WARN_INFINITE_RECURSION = YES;
				CLANG_WARN_INT_CONVERSION = YES;
				CLANG_WARN_NON_LITERAL_NULL_CONVERSION = YES;
				CLANG_WARN_OBJC_IMPLICIT_RETAIN_SELF = YES;
				CLANG_WARN_OBJC_LITERAL_CONVERSION = YES;
				CLANG_WARN_OBJC_ROOT_CLASS = YES_ERROR;
				CLANG_WARN_QUOTED_INCLUDE_IN_FRAMEWORK_HEADER = YES;
				CLANG_WARN_RANGE_LOOP_ANALYSIS = YES;
				CLANG_WARN_STRICT_PROTOTYPES = YES;
				CLANG_WARN_SUSPICIOUS_MOVE = YES;
				CLANG_WARN_UNGUARDED_AVAILABILITY = YES_AGGRESSIVE;
				CLANG_WARN_UNREACHABLE_CODE = YES;
				CLANG_WARN__DUPLICATE_METHOD_MATCH = YES;
				COPY_PHASE_STRIP = NO;
				DEBUG_INFORMATION_FORMAT = dwarf;
				ENABLE_STRICT_OBJC_MSGSEND = YES;
				ENABLE_TESTABILITY = YES;
				ENABLE_USER_SCRIPT_SANDBOXING = YES;
				GCC_C_LANGUAGE_STANDARD = gnu17;
				GCC_DYNAMIC_NO_PIC = NO;
				GCC_NO_COMMON_BLOCKS = YES;
				GCC_OPTIMIZATION_LEVEL = 0;
				GCC_PREPROCESSOR_DEFINITIONS = (
					"DEBUG=1",
					"$(inherited)",
				);
				GCC_WARN_64_TO_32_BIT_CONVERSION = YES;
				GCC_WARN_ABOUT_RETURN_TYPE = YES_ERROR;
				GCC_WARN_UNDECLARED_SELECTOR = YES;
				GCC_WARN_UNINITIALIZED_AUTOS = YES_AGGRESSIVE;
				GCC_WARN_UNUSED_FUNCTION = YES;
				GCC_WARN_UNUSED_VARIABLE = YES;
				IPHONEOS_DEPLOYMENT_TARGET = 17.0;
				LOCALIZATION_PREFERS_STRING_CATALOGS = YES;
				MTL_ENABLE_DEBUG_INFO = INCLUDE_SOURCE;
				MTL_FAST_MATH = YES;
				ONLY_ACTIVE_ARCH = YES;
				SDKROOT = iphoneos;
				SWIFT_ACTIVE_COMPILATION_CONDITIONS = "DEBUG $(inherited)";
				SWIFT_OPTIMIZATION_LEVEL = "-Onone";
			};
			name = Debug;
		};
		D7AA3EBB2B8C6A5200B19164 /* Release */ = {
			isa = XCBuildConfiguration;
			buildSettings = {
				ALWAYS_SEARCH_USER_PATHS = NO;
				ASSETCATALOG_COMPILER_GENERATE_SWIFT_ASSET_SYMBOL_EXTENSIONS = YES;
				CLANG_ANALYZER_NONNULL = YES;
				CLANG_ANALYZER_NUMBER_OBJECT_CONVERSION = YES_AGGRESSIVE;
				CLANG_CXX_LANGUAGE_STANDARD = "gnu++20";
				CLANG_ENABLE_MODULES = YES;
				CLANG_ENABLE_OBJC_ARC = YES;
				CLANG_ENABLE_OBJC_WEAK = YES;
				CLANG_WARN_BLOCK_CAPTURE_AUTORELEASING = YES;
				CLANG_WARN_BOOL_CONVERSION = YES;
				CLANG_WARN_COMMA = YES;
				CLANG_WARN_CONSTANT_CONVERSION = YES;
				CLANG_WARN_DEPRECATED_OBJC_IMPLEMENTATIONS = YES;
				CLANG_WARN_DIRECT_OBJC_ISA_USAGE = YES_ERROR;
				CLANG_WARN_DOCUMENTATION_COMMENTS = YES;
				CLANG_WARN_EMPTY_BODY = YES;
				CLANG_WARN_ENUM_CONVERSION = YES;
				CLANG_WARN_INFINITE_RECURSION = YES;
				CLANG_WARN_INT_CONVERSION = YES;
				CLANG_WARN_NON_LITERAL_NULL_CONVERSION = YES;
				CLANG_WARN_OBJC_IMPLICIT_RETAIN_SELF = YES;
				CLANG_WARN_OBJC_LITERAL_CONVERSION = YES;
				CLANG_WARN_OBJC_ROOT_CLASS = YES_ERROR;
				CLANG_WARN_QUOTED_INCLUDE_IN_FRAMEWORK_HEADER = YES;
				CLANG_WARN_RANGE_LOOP_ANALYSIS = YES;
				CLANG_WARN_STRICT_PROTOTYPES = YES;
				CLANG_WARN_SUSPICIOUS_MOVE = YES;
				CLANG_WARN_UNGUARDED_AVAILABILITY = YES_AGGRESSIVE;
				CLANG_WARN_UNREACHABLE_CODE = YES;
				CLANG_WARN__DUPLICATE_METHOD_MATCH = YES;
				COPY_PHASE_STRIP = NO;
				DEBUG_INFORMATION_FORMAT = "dwarf-with-dsym";
				ENABLE_NS_ASSERTIONS = NO;
				ENABLE_STRICT_OBJC_MSGSEND = YES;
				ENABLE_USER_SCRIPT_SANDBOXING = YES;
				GCC_C_LANGUAGE_STANDARD = gnu17;
				GCC_NO_COMMON_BLOCKS = YES;
				GCC_WARN_64_TO_32_BIT_CONVERSION = YES;
				GCC_WARN_ABOUT_RETURN_TYPE = YES_ERROR;
				GCC_WARN_UNDECLARED_SELECTOR = YES;
				GCC_WARN_UNINITIALIZED_AUTOS = YES_AGGRESSIVE;
				GCC_WARN_UNUSED_FUNCTION = YES;
				GCC_WARN_UNUSED_VARIABLE = YES;
				IPHONEOS_DEPLOYMENT_TARGET = 17.0;
				LOCALIZATION_PREFERS_STRING_CATALOGS = YES;
				MTL_ENABLE_DEBUG_INFO = NO;
				MTL_FAST_MATH = YES;
				SDKROOT = iphoneos;
				SWIFT_COMPILATION_MODE = wholemodule;
				VALIDATE_PRODUCT = YES;
			};
			name = Release;
		};
		D7AA3EBD2B8C6A5200B19164 /* Debug */ = {
			isa = XCBuildConfiguration;
			buildSettings = {
				ASSETCATALOG_COMPILER_APPICON_NAME = AppIcon;
				ASSETCATALOG_COMPILER_GLOBAL_ACCENT_COLOR_NAME = AccentColor;
				CODE_SIGN_STYLE = Automatic;
				CURRENT_PROJECT_VERSION = 1;
				DEVELOPMENT_ASSET_PATHS = "\"Numbers/Preview Content\"";
				DEVELOPMENT_TEAM = 6H4427J3SZ;
				ENABLE_PREVIEWS = YES;
				GENERATE_INFOPLIST_FILE = YES;
				INFOPLIST_KEY_UIApplicationSceneManifest_Generation = YES;
				INFOPLIST_KEY_UIApplicationSupportsIndirectInputEvents = YES;
				INFOPLIST_KEY_UILaunchScreen_Generation = YES;
				INFOPLIST_KEY_UISupportedInterfaceOrientations_iPad = "UIInterfaceOrientationPortrait UIInterfaceOrientationPortraitUpsideDown UIInterfaceOrientationLandscapeLeft UIInterfaceOrientationLandscapeRight";
				INFOPLIST_KEY_UISupportedInterfaceOrientations_iPhone = "UIInterfaceOrientationPortrait UIInterfaceOrientationLandscapeLeft UIInterfaceOrientationLandscapeRight";
				LD_RUNPATH_SEARCH_PATHS = (
					"$(inherited)",
					"@executable_path/Frameworks",
				);
				MARKETING_VERSION = 1.0;
				PRODUCT_BUNDLE_IDENTIFIER = com.LT.Const.Numbers;
				PRODUCT_NAME = "$(TARGET_NAME)";
				SWIFT_EMIT_LOC_STRINGS = YES;
				SWIFT_VERSION = 5.0;
				TARGETED_DEVICE_FAMILY = "1,2";
			};
			name = Debug;
		};
		D7AA3EBE2B8C6A5200B19164 /* Release */ = {
			isa = XCBuildConfiguration;
			buildSettings = {
				ASSETCATALOG_COMPILER_APPICON_NAME = AppIcon;
				ASSETCATALOG_COMPILER_GLOBAL_ACCENT_COLOR_NAME = AccentColor;
				CODE_SIGN_STYLE = Automatic;
				CURRENT_PROJECT_VERSION = 1;
				DEVELOPMENT_ASSET_PATHS = "\"Numbers/Preview Content\"";
				DEVELOPMENT_TEAM = 6H4427J3SZ;
				ENABLE_PREVIEWS = YES;
				GENERATE_INFOPLIST_FILE = YES;
				INFOPLIST_KEY_UIApplicationSceneManifest_Generation = YES;
				INFOPLIST_KEY_UIApplicationSupportsIndirectInputEvents = YES;
				INFOPLIST_KEY_UILaunchScreen_Generation = YES;
				INFOPLIST_KEY_UISupportedInterfaceOrientations_iPad = "UIInterfaceOrientationPortrait UIInterfaceOrientationPortraitUpsideDown UIInterfaceOrientationLandscapeLeft UIInterfaceOrientationLandscapeRight";
				INFOPLIST_KEY_UISupportedInterfaceOrientations_iPhone = "UIInterfaceOrientationPortrait UIInterfaceOrientationLandscapeLeft UIInterfaceOrientationLandscapeRight";
				LD_RUNPATH_SEARCH_PATHS = (
					"$(inherited)",
					"@executable_path/Frameworks",
				);
				MARKETING_VERSION = 1.0;
				PRODUCT_BUNDLE_IDENTIFIER = com.LT.Const.Numbers;
				PRODUCT_NAME = "$(TARGET_NAME)";
				SWIFT_EMIT_LOC_STRINGS = YES;
				SWIFT_VERSION = 5.0;
				TARGETED_DEVICE_FAMILY = "1,2";
			};
			name = Release;
		};
/* End XCBuildConfiguration section */

/* Begin XCConfigurationList section */
		D7AA3EA92B8C6A5100B19164 /* Build configuration list for PBXProject "Numbers" */ = {
			isa = XCConfigurationList;
			buildConfigurations = (
				D7AA3EBA2B8C6A5200B19164 /* Debug */,
				D7AA3EBB2B8C6A5200B19164 /* Release */,
			);
			defaultConfigurationIsVisible = 0;
			defaultConfigurationName = Release;
		};
		D7AA3EBC2B8C6A5200B19164 /* Build configuration list for PBXNativeTarget "Numbers" */ = {
			isa = XCConfigurationList;
			buildConfigurations = (
				D7AA3EBD2B8C6A5200B19164 /* Debug */,
				D7AA3EBE2B8C6A5200B19164 /* Release */,
			);
			defaultConfigurationIsVisible = 0;
			defaultConfigurationName = Release;
		};
/* End XCConfigurationList section */

/* Begin XCRemoteSwiftPackageReference section */
		D7AA3EBF2B8C6B1100B19164 /* XCRemoteSwiftPackageReference "swift-composable-architecture" */ = {
			isa = XCRemoteSwiftPackageReference;
			repositoryURL = "git@github.com:pointfreeco/swift-composable-architecture.git";
			requirement = {
				kind = upToNextMajorVersion;
				minimumVersion = 1.8.2;
			};
		};
/* End XCRemoteSwiftPackageReference section */

/* Begin XCSwiftPackageProductDependency section */
		D7AA3EC02B8C6B1100B19164 /* ComposableArchitecture */ = {
			isa = XCSwiftPackageProductDependency;
			package = D7AA3EBF2B8C6B1100B19164 /* XCRemoteSwiftPackageReference "swift-composable-architecture" */;
			productName = ComposableArchitecture;
		};
/* End XCSwiftPackageProductDependency section */
	};
	rootObject = D7AA3EA62B8C6A5100B19164 /* Project object */;
}
